
Microsoft Visual Studio Solution File, Format Version 12.00
# Visual Studio 14
VisualStudioVersion = 14.0.25420.1
MinimumVisualStudioVersion = 10.0.40219.1
Project("{FAE04EC0-301F-11D3-BF4B-00C04F79EFBC}") = "RUTTool", "RUTNumberVerification\RUTTool.csproj", "{C43CC3EF-6413-441B-A915-8B6BE2DA8DAB}"
EndProject
Project("{54435603-DBB4-11D2-8724-00A0C9A8B90C}") = "RUTToolInstaller", "SetupWizard\RUTToolInstaller\RUTToolInstaller.vdproj", "{B577CFFA-9FBD-43B9-9E1D-97204551FEB2}"
EndProject
Global
	GlobalSection(SolutionConfigurationPlatforms) = preSolution
		Debug|Any CPU = Debug|Any CPU
		Release|Any CPU = Release|Any CPU
	EndGlobalSection
	GlobalSection(ProjectConfigurationPlatforms) = postSolution
		{C43CC3EF-6413-441B-A915-8B6BE2DA8DAB}.Debug|Any CPU.ActiveCfg = Debug|Any CPU
		{C43CC3EF-6413-441B-A915-8B6BE2DA8DAB}.Debug|Any CPU.Build.0 = Debug|Any CPU
		{C43CC3EF-6413-441B-A915-8B6BE2DA8DAB}.Release|Any CPU.ActiveCfg = Release|Any CPU
		{C43CC3EF-6413-441B-A915-8B6BE2DA8DAB}.Release|Any CPU.Build.0 = Release|Any CPU
		{B577CFFA-9FBD-43B9-9E1D-97204551FEB2}.Debug|Any CPU.ActiveCfg = Debug
		{B577CFFA-9FBD-43B9-9E1D-97204551FEB2}.Release|Any CPU.ActiveCfg = Release
	EndGlobalSection
	GlobalSection(SolutionProperties) = preSolution
		HideSolutionNode = FALSE
	EndGlobalSection
EndGlobal
